// !$*UTF8*$!
{
	archiveVersion = 1;
	classes = {
	};
	objectVersion = 50;
	objects = {

/* Begin PBXBuildFile section */
		3DEFAF2A2248F25900A14132 /* AppDelegate.swift in Sources */ = {isa = PBXBuildFile; fileRef = 3DEFAF292248F25900A14132 /* AppDelegate.swift */; };
		3DEFAF2C2248F25900A14132 /* ViewController.swift in Sources */ = {isa = PBXBuildFile; fileRef = 3DEFAF2B2248F25900A14132 /* ViewController.swift */; };
		3DEFAF2F2248F25900A14132 /* Main.storyboard in Resources */ = {isa = PBXBuildFile; fileRef = 3DEFAF2D2248F25900A14132 /* Main.storyboard */; };
		3DEFAF312248F25900A14132 /* Assets.xcassets in Resources */ = {isa = PBXBuildFile; fileRef = 3DEFAF302248F25900A14132 /* Assets.xcassets */; };
		3DEFAF342248F25900A14132 /* LaunchScreen.storyboard in Resources */ = {isa = PBXBuildFile; fileRef = 3DEFAF322248F25900A14132 /* LaunchScreen.storyboard */; };
		3DEFAF3D2248F60100A14132 /* emojiMash.swift in Sources */ = {isa = PBXBuildFile; fileRef = 3DEFAF3C2248F60100A14132 /* emojiMash.swift */; };
		3DEFAF3F2248F60E00A14132 /* emoji.swift in Sources */ = {isa = PBXBuildFile; fileRef = 3DEFAF3E2248F60E00A14132 /* emoji.swift */; };
/* End PBXBuildFile section */

/* Begin PBXFileReference section */
		3DEFAF262248F25900A14132 /* EmojiMash.app */ = {isa = PBXFileReference; explicitFileType = wrapper.application; includeInIndex = 0; path = EmojiMash.app; sourceTree = BUILT_PRODUCTS_DIR; };
		3DEFAF292248F25900A14132 /* AppDelegate.swift */ = {isa = PBXFileReference; lastKnownFileType = sourcecode.swift; path = AppDelegate.swift; sourceTree = "<group>"; };
		3DEFAF2B2248F25900A14132 /* ViewController.swift */ = {isa = PBXFileReference; lastKnownFileType = sourcecode.swift; path = ViewController.swift; sourceTree = "<group>"; };
		3DEFAF2E2248F25900A14132 /* Base */ = {isa = PBXFileReference; lastKnownFileType = file.storyboard; name = Base; path = Base.lproj/Main.storyboard; sourceTree = "<group>"; };
		3DEFAF302248F25900A14132 /* Assets.xcassets */ = {isa = PBXFileReference; lastKnownFileType = folder.assetcatalog; path = Assets.xcassets; sourceTree = "<group>"; };
		3DEFAF332248F25900A14132 /* Base */ = {isa = PBXFileReference; lastKnownFileType = file.storyboard; name = Base; path = Base.lproj/LaunchScreen.storyboard; sourceTree = "<group>"; };
		3DEFAF352248F25900A14132 /* Info.plist */ = {isa = PBXFileReference; lastKnownFileType = text.plist.xml; path = Info.plist; sourceTree = "<group>"; };
		3DEFAF3C2248F60100A14132 /* emojiMash.swift */ = {isa = PBXFileReference; lastKnownFileType = sourcecode.swift; path = emojiMash.swift; sourceTree = "<group>"; };
		3DEFAF3E2248F60E00A14132 /* emoji.swift */ = {isa = PBXFileReference; lastKnownFileType = sourcecode.swift; path = emoji.swift; sourceTree = "<group>"; };
/* End PBXFileReference section */

/* Begin PBXFrameworksBuildPhase section */
		3DEFAF232248F25900A14132 /* Frameworks */ = {
			isa = PBXFrameworksBuildPhase;
			buildActionMask = 2147483647;
			files = (
			);
			runOnlyForDeploymentPostprocessing = 0;
		};
/* End PBXFrameworksBuildPhase section */

/* Begin PBXGroup section */
		3DEFAF1D2248F25900A14132 = {
			isa = PBXGroup;
			children = (
				3DEFAF282248F25900A14132 /* EmojiMash */,
				3DEFAF272248F25900A14132 /* Products */,
			);
			sourceTree = "<group>";
		};
		3DEFAF272248F25900A14132 /* Products */ = {
			isa = PBXGroup;
			children = (
				3DEFAF262248F25900A14132 /* EmojiMash.app */,
			);
			name = Products;
			sourceTree = "<group>";
		};
		3DEFAF282248F25900A14132 /* EmojiMash */ = {
			isa = PBXGroup;
			children = (
				3DEFAF3C2248F60100A14132 /* emojiMash.swift */,
				3DEFAF3E2248F60E00A14132 /* emoji.swift */,
				3DEFAF3B2248F2BC00A14132 /* SupportingFiles */,
				3DEFAF2B2248F25900A14132 /* ViewController.swift */,
				3DEFAF2D2248F25900A14132 /* Main.storyboard */,
				3DEFAF352248F25900A14132 /* Info.plist */,
			);
			path = EmojiMash;
			sourceTree = "<group>";
		};
		3DEFAF3B2248F2BC00A14132 /* SupportingFiles */ = {
			isa = PBXGroup;
			children = (
				3DEFAF302248F25900A14132 /* Assets.xcassets */,
				3DEFAF322248F25900A14132 /* LaunchScreen.storyboard */,
				3DEFAF292248F25900A14132 /* AppDelegate.swift */,
			);
			path = SupportingFiles;
			sourceTree = "<group>";
		};
/* End PBXGroup section */

/* Begin PBXNativeTarget section */
		3DEFAF252248F25900A14132 /* EmojiMash */ = {
			isa = PBXNativeTarget;
			buildConfigurationList = 3DEFAF382248F25900A14132 /* Build configuration list for PBXNativeTarget "EmojiMash" */;
			buildPhases = (
				3DEFAF222248F25900A14132 /* Sources */,
				3DEFAF232248F25900A14132 /* Frameworks */,
				3DEFAF242248F25900A14132 /* Resources */,
			);
			buildRules = (
			);
			dependencies = (
			);
			name = EmojiMash;
			productName = EmojiMash;
			productReference = 3DEFAF262248F25900A14132 /* EmojiMash.app */;
			productType = "com.apple.product-type.application";
		};
/* End PBXNativeTarget section */

/* Begin PBXProject section */
		3DEFAF1E2248F25900A14132 /* Project object */ = {
			isa = PBXProject;
			attributes = {
				LastSwiftUpdateCheck = 1010;
				LastUpgradeCheck = 1010;
				ORGANIZATIONNAME = "Mihai Stoian";
				TargetAttributes = {
					3DEFAF252248F25900A14132 = {
						CreatedOnToolsVersion = 10.1;
					};
				};
			};
			buildConfigurationList = 3DEFAF212248F25900A14132 /* Build configuration list for PBXProject "EmojiMash" */;
			compatibilityVersion = "Xcode 9.3";
			developmentRegion = en;
			hasScannedForEncodings = 0;
			knownRegions = (
				en,
				Base,
			);
			mainGroup = 3DEFAF1D2248F25900A14132;
			productRefGroup = 3DEFAF272248F25900A14132 /* Products */;
			projectDirPath = "";
			projectRoot = "";
			targets = (
				3DEFAF252248F25900A14132 /* EmojiMash */,
			);
		};
/* End PBXProject section */

/* Begin PBXResourcesBuildPhase section */
		3DEFAF242248F25900A14132 /* Resources */ = {
			isa = PBXResourcesBuildPhase;
			buildActionMask = 2147483647;
			files = (
				3DEFAF342248F25900A14132 /* LaunchScreen.storyboard in Resources */,
				3DEFAF312248F25900A14132 /* Assets.xcassets in Resources */,
				3DEFAF2F2248F25900A14132 /* Main.storyboard in Resources */,
			);
			runOnlyForDeploymentPostprocessing = 0;
		};
/* End PBXResourcesBuildPhase section */

/* Begin PBXSourcesBuildPhase section */
		3DEFAF222248F25900A14132 /* Sources */ = {
			isa = PBXSourcesBuildPhase;
			buildActionMask = 2147483647;
			files = (
				3DEFAF3D2248F60100A14132 /* emojiMash.swift in Sources */,
				3DEFAF2C2248F25900A14132 /* ViewController.swift in Sources */,
				3DEFAF3F2248F60E00A14132 /* emoji.swift in Sources */,
				3DEFAF2A2248F25900A14132 /* AppDelegate.swift in Sources */,
			);
			runOnlyForDeploymentPostprocessing = 0;
		};
/* End PBXSourcesBuildPhase section */

/* Begin PBXVariantGroup section */
		3DEFAF2D2248F25900A14132 /* Main.storyboard */ = {
			isa = PBXVariantGroup;
			children = (
				3DEFAF2E2248F25900A14132 /* Base */,
			);
			name = Main.storyboard;
			sourceTree = "<group>";
		};
		3DEFAF322248F25900A14132 /* LaunchScreen.storyboard */ = {
			isa = PBXVariantGroup;
			children = (
				3DEFAF332248F25900A14132 /* Base */,
			);
			name = LaunchScreen.storyboard;
			sourceTree = "<group>";
		};
/* End PBXVariantGroup section */

/* Begin XCBuildConfiguration section */
		3DEFAF362248F25900A14132 /* Debug */ = {
			isa = XCBuildConfiguration;
			buildSettings = {
				ALWAYS_SEARCH_USER_PATHS = NO;
				CLANG_ANALYZER_NONNULL = YES;
				CLANG_ANALYZER_NUMBER_OBJECT_CONVERSION = YES_AGGRESSIVE;
				CLANG_CXX_LANGUAGE_STANDARD = "gnu++14";
				CLANG_CXX_LIBRARY = "libc++";
				CLANG_ENABLE_MODULES = YES;
				CLANG_ENABLE_OBJC_ARC = YES;
				CLANG_ENABLE_OBJC_WEAK = YES;
				CLANG_WARN_BLOCK_CAPTURE_AUTORELEASING = YES;
				CLANG_WARN_BOOL_CONVERSION = YES;
				CLANG_WARN_COMMA = YES;
				CLANG_WARN_CONSTANT_CONVERSION = YES;
				CLANG_WARN_DEPRECATED_OBJC_IMPLEMENTATIONS = YES;
				CLANG_WARN_DIRECT_OBJC_ISA_USAGE = YES_ERROR;
				CLANG_WARN_DOCUMENTATION_COMMENTS = YES;
				CLANG_WARN_EMPTY_BODY = YES;
				CLANG_WARN_ENUM_CONVERSION = YES;
				CLANG_WARN_INFINITE_RECURSION = YES;
				CLANG_WARN_INT_CONVERSION = YES;
				CLANG_WARN_NON_LITERAL_NULL_CONVERSION = YES;
				CLANG_WARN_OBJC_IMPLICIT_RETAIN_SELF = YES;
				CLANG_WARN_OBJC_LITERAL_CONVERSION = YES;
				CLANG_WARN_OBJC_ROOT_CLASS = YES_ERROR;
				CLANG_WARN_RANGE_LOOP_ANALYSIS = YES;
				CLANG_WARN_STRICT_PROTOTYPES = YES;
				CLANG_WARN_SUSPICIOUS_MOVE = YES;
				CLANG_WARN_UNGUARDED_AVAILABILITY = YES_AGGRESSIVE;
				CLANG_WARN_UNREACHABLE_CODE = YES;
				CLANG_WARN__DUPLICATE_METHOD_MATCH = YES;
				CODE_SIGN_IDENTITY = "iPhone Developer";
				COPY_PHASE_STRIP = NO;
				DEBUG_INFORMATION_FORMAT = dwarf;
				ENABLE_STRICT_OBJC_MSGSEND = YES;
				ENABLE_TESTABILITY = YES;
				GCC_C_LANGUAGE_STANDARD = gnu11;
				GCC_DYNAMIC_NO_PIC = NO;
				GCC_NO_COMMON_BLOCKS = YES;
				GCC_OPTIMIZATION_LEVEL = 0;
				GCC_PREPROCESSOR_DEFINITIONS = (
					"DEBUG=1",
					"$(inherited)",
				);
				GCC_WARN_64_TO_32_BIT_CONVERSION = YES;
				GCC_WARN_ABOUT_RETURN_TYPE = YES_ERROR;
				GCC_WARN_UNDECLARED_SELECTOR = YES;
				GCC_WARN_UNINITIALIZED_AUTOS = YES_AGGRESSIVE;
				GCC_WARN_UNUSED_FUNCTION = YES;
				GCC_WARN_UNUSED_VARIABLE = YES;
				IPHONEOS_DEPLOYMENT_TARGET = 12.1;
				MTL_ENABLE_DEBUG_INFO = INCLUDE_SOURCE;
				MTL_FAST_MATH = YES;
				ONLY_ACTIVE_ARCH = YES;
				SDKROOT = iphoneos;
				SWIFT_ACTIVE_COMPILATION_CONDITIONS = DEBUG;
				SWIFT_OPTIMIZATION_LEVEL = "-Onone";
			};
			name = Debug;
		};
		3DEFAF372248F25900A14132 /* Release */ = {
			isa = XCBuildConfiguration;
			buildSettings = {
				ALWAYS_SEARCH_USER_PATHS = NO;
				CLANG_ANALYZER_NONNULL = YES;
				CLANG_ANALYZER_NUMBER_OBJECT_CONVERSION = YES_AGGRESSIVE;
				CLANG_CXX_LANGUAGE_STANDARD = "gnu++14";
				CLANG_CXX_LIBRARY = "libc++";
				CLANG_ENABLE_MODULES = YES;
				CLANG_ENABLE_OBJC_ARC = YES;
				CLANG_ENABLE_OBJC_WEAK = YES;
				CLANG_WARN_BLOCK_CAPTURE_AUTORELEASING = YES;
				CLANG_WARN_BOOL_CONVERSION = YES;
				CLANG_WARN_COMMA = YES;
				CLANG_WARN_CONSTANT_CONVERSION = YES;
				CLANG_WARN_DEPRECATED_OBJC_IMPLEMENTATIONS = YES;
				CLANG_WARN_DIRECT_OBJC_ISA_USAGE = YES_ERROR;
				CLANG_WARN_DOCUMENTATION_COMMENTS = YES;
				CLANG_WARN_EMPTY_BODY = YES;
				CLANG_WARN_ENUM_CONVERSION = YES;
				CLANG_WARN_INFINITE_RECURSION = YES;
				CLANG_WARN_INT_CONVERSION = YES;
				CLANG_WARN_NON_LITERAL_NULL_CONVERSION = YES;
				CLANG_WARN_OBJC_IMPLICIT_RETAIN_SELF = YES;
				CLANG_WARN_OBJC_LITERAL_CONVERSION = YES;
				CLANG_WARN_OBJC_ROOT_CLASS = YES_ERROR;
				CLANG_WARN_RANGE_LOOP_ANALYSIS = YES;
				CLANG_WARN_STRICT_PROTOTYPES = YES;
				CLANG_WARN_SUSPICIOUS_MOVE = YES;
				CLANG_WARN_UNGUARDED_AVAILABILITY = YES_AGGRESSIVE;
				CLANG_WARN_UNREACHABLE_CODE = YES;
				CLANG_WARN__DUPLICATE_METHOD_MATCH = YES;
				CODE_SIGN_IDENTITY = "iPhone Developer";
				COPY_PHASE_STRIP = NO;
				DEBUG_INFORMATION_FORMAT = "dwarf-with-dsym";
				ENABLE_NS_ASSERTIONS = NO;
				ENABLE_STRICT_OBJC_MSGSEND = YES;
				GCC_C_LANGUAGE_STANDARD = gnu11;
				GCC_NO_COMMON_BLOCKS = YES;
				GCC_WARN_64_TO_32_BIT_CONVERSION = YES;
				GCC_WARN_ABOUT_RETURN_TYPE = YES_ERROR;
				GCC_WARN_UNDECLARED_SELECTOR = YES;
				GCC_WARN_UNINITIALIZED_AUTOS = YES_AGGRESSIVE;
				GCC_WARN_UNUSED_FUNCTION = YES;
				GCC_WARN_UNUSED_VARIABLE = YES;
				IPHONEOS_DEPLOYMENT_TARGET = 12.1;
				MTL_ENABLE_DEBUG_INFO = NO;
				MTL_FAST_MATH = YES;
				SDKROOT = iphoneos;
				SWIFT_COMPILATION_MODE = wholemodule;
				SWIFT_OPTIMIZATION_LEVEL = "-O";
				VALIDATE_PRODUCT = YES;
			};
			name = Release;
		};
		3DEFAF392248F25900A14132 /* Debug */ = {
			isa = XCBuildConfiguration;
			buildSettings = {
				ASSETCATALOG_COMPILER_APPICON_NAME = AppIcon;
				CODE_SIGN_STYLE = Automatic;
				INFOPLIST_FILE = EmojiMash/Info.plist;
				LD_RUNPATH_SEARCH_PATHS = (
					"$(inherited)",
					"@executable_path/Frameworks",
				);
				PRODUCT_BUNDLE_IDENTIFIER = "Mihai-Stoian.EmojiMash";
				PRODUCT_NAME = "$(TARGET_NAME)";
				SWIFT_VERSION = 4.2;
				TARGETED_DEVICE_FAMILY = "1,2";
			};
			name = Debug;
		};
		3DEFAF3A2248F25900A14132 /* Release */ = {
			isa = XCBuildConfiguration;
			buildSettings = {
				ASSETCATALOG_COMPILER_APPICON_NAME = AppIcon;
				CODE_SIGN_STYLE = Automatic;
				INFOPLIST_FILE = EmojiMash/Info.plist;
				LD_RUNPATH_SEARCH_PATHS = (
					"$(inherited)",
					"@executable_path/Frameworks",
				);
				PRODUCT_BUNDLE_IDENTIFIER = "Mihai-Stoian.EmojiMash";
				PRODUCT_NAME = "$(TARGET_NAME)";
				SWIFT_VERSION = 4.2;
				TARGETED_DEVICE_FAMILY = "1,2";
			};
			name = Release;
		};
/* End XCBuildConfiguration section */

/* Begin XCConfigurationList section */
		3DEFAF212248F25900A14132 /* Build configuration list for PBXProject "EmojiMash" */ = {
			isa = XCConfigurationList;
			buildConfigurations = (
				3DEFAF362248F25900A14132 /* Debug */,
				3DEFAF372248F25900A14132 /* Release */,
			);
			defaultConfigurationIsVisible = 0;
			defaultConfigurationName = Release;
		};
		3DEFAF382248F25900A14132 /* Build configuration list for PBXNativeTarget "EmojiMash" */ = {
			isa = XCConfigurationList;
			buildConfigurations = (
				3DEFAF392248F25900A14132 /* Debug */,
				3DEFAF3A2248F25900A14132 /* Release */,
			);
			defaultConfigurationIsVisible = 0;
			defaultConfigurationName = Release;
		};
/* End XCConfigurationList section */
	};
	rootObject = 3DEFAF1E2248F25900A14132 /* Project object */;
}
